
Microsoft Visual Studio Solution File, Format Version 12.00
# Visual Studio Version 17
VisualStudioVersion = 17.14.36414.22 d17.14
MinimumVisualStudioVersion = 10.0.40219.1
Project("{FAE04EC0-301F-11D3-BF4B-00C04F79EFBC}") = "ActividadPractica3", "ActividadPractica3.csproj", "{A206FF7C-B70F-4A5F-892F-DE0FB3EF58B8}"
EndProject
Global
	GlobalSection(SolutionConfigurationPlatforms) = preSolution
		Debug|Any CPU = Debug|Any CPU
		Release|Any CPU = Release|Any CPU
	EndGlobalSection
	GlobalSection(ProjectConfigurationPlatforms) = postSolution
		{A206FF7C-B70F-4A5F-892F-DE0FB3EF58B8}.Debug|Any CPU.ActiveCfg = Debug|Any CPU
		{A206FF7C-B70F-4A5F-892F-DE0FB3EF58B8}.Debug|Any CPU.Build.0 = Debug|Any CPU
		{A206FF7C-B70F-4A5F-892F-DE0FB3EF58B8}.Release|Any CPU.ActiveCfg = Release|Any CPU
		{A206FF7C-B70F-4A5F-892F-DE0FB3EF58B8}.Release|Any CPU.Build.0 = Release|Any CPU
	EndGlobalSection
	GlobalSection(SolutionProperties) = preSolution
		HideSolutionNode = FALSE
	EndGlobalSection
	GlobalSection(ExtensibilityGlobals) = postSolution
		SolutionGuid = {FFBA7889-3477-4082-AD9B-E7EE427FDA67}
	EndGlobalSection
EndGlobal
