
Microsoft Visual Studio Solution File, Format Version 12.00
# Visual Studio Version 17
VisualStudioVersion = 17.14.36511.14 d17.14
MinimumVisualStudioVersion = 10.0.40219.1
Project("{FAE04EC0-301F-11D3-BF4B-00C04F79EFBC}") = "ModeloParcialApi", "ModeloParcialApi.csproj", "{7689740D-CAB6-F883-8947-A6BF85165070}"
EndProject
Global
	GlobalSection(SolutionConfigurationPlatforms) = preSolution
		Debug|Any CPU = Debug|Any CPU
		Release|Any CPU = Release|Any CPU
	EndGlobalSection
	GlobalSection(ProjectConfigurationPlatforms) = postSolution
		{7689740D-CAB6-F883-8947-A6BF85165070}.Debug|Any CPU.ActiveCfg = Debug|Any CPU
		{7689740D-CAB6-F883-8947-A6BF85165070}.Debug|Any CPU.Build.0 = Debug|Any CPU
		{7689740D-CAB6-F883-8947-A6BF85165070}.Release|Any CPU.ActiveCfg = Release|Any CPU
		{7689740D-CAB6-F883-8947-A6BF85165070}.Release|Any CPU.Build.0 = Release|Any CPU
	EndGlobalSection
	GlobalSection(SolutionProperties) = preSolution
		HideSolutionNode = FALSE
	EndGlobalSection
	GlobalSection(ExtensibilityGlobals) = postSolution
		SolutionGuid = {1EFB1B05-E48E-4794-A9B1-C6C906461D66}
	EndGlobalSection
EndGlobal
